// !$*UTF8*$!
{
	archiveVersion = 1;
	classes = {
	};
	objectVersion = 50;
	objects = {

/* Begin PBXBuildFile section */
		42889961216AFFC9003F9009 /* AppDelegate.swift in Sources */ = {isa = PBXBuildFile; fileRef = 42889960216AFFC9003F9009 /* AppDelegate.swift */; };
		42889963216AFFC9003F9009 /* ViewController.swift in Sources */ = {isa = PBXBuildFile; fileRef = 42889962216AFFC9003F9009 /* ViewController.swift */; };
		42889966216AFFC9003F9009 /* Main.storyboard in Resources */ = {isa = PBXBuildFile; fileRef = 42889964216AFFC9003F9009 /* Main.storyboard */; };
		42889968216AFFCB003F9009 /* Assets.xcassets in Resources */ = {isa = PBXBuildFile; fileRef = 42889967216AFFCB003F9009 /* Assets.xcassets */; };
		4288996B216AFFCB003F9009 /* LaunchScreen.storyboard in Resources */ = {isa = PBXBuildFile; fileRef = 42889969216AFFCB003F9009 /* LaunchScreen.storyboard */; };
		42889976216AFFCB003F9009 /* UberAnimationTestTests.swift in Sources */ = {isa = PBXBuildFile; fileRef = 42889975216AFFCB003F9009 /* UberAnimationTestTests.swift */; };
		42889981216AFFCB003F9009 /* UberAnimationTestUITests.swift in Sources */ = {isa = PBXBuildFile; fileRef = 42889980216AFFCB003F9009 /* UberAnimationTestUITests.swift */; };
		42889996216B23F8003F9009 /* AnimatedULogoView.swift in Sources */ = {isa = PBXBuildFile; fileRef = 42889994216B23F8003F9009 /* AnimatedULogoView.swift */; };
		42889997216B23F8003F9009 /* Constants.swift in Sources */ = {isa = PBXBuildFile; fileRef = 42889995216B23F8003F9009 /* Constants.swift */; };
		42889999216B261F003F9009 /* Util.swift in Sources */ = {isa = PBXBuildFile; fileRef = 42889998216B261F003F9009 /* Util.swift */; };
		4288999B216B288E003F9009 /* TileView.swift in Sources */ = {isa = PBXBuildFile; fileRef = 4288999A216B288E003F9009 /* TileView.swift */; };
		4288999D216B29A0003F9009 /* SplashViewController.swift in Sources */ = {isa = PBXBuildFile; fileRef = 4288999C216B29A0003F9009 /* SplashViewController.swift */; };
		4288999F216B35E1003F9009 /* TileGridView.swift in Sources */ = {isa = PBXBuildFile; fileRef = 4288999E216B35E1003F9009 /* TileGridView.swift */; };
		428899A3216B5363003F9009 /* MenuNavigationViewController.swift in Sources */ = {isa = PBXBuildFile; fileRef = 428899A2216B5363003F9009 /* MenuNavigationViewController.swift */; };
/* End PBXBuildFile section */

/* Begin PBXContainerItemProxy section */
		42889972216AFFCB003F9009 /* PBXContainerItemProxy */ = {
			isa = PBXContainerItemProxy;
			containerPortal = 42889955216AFFC9003F9009 /* Project object */;
			proxyType = 1;
			remoteGlobalIDString = 4288995C216AFFC9003F9009;
			remoteInfo = UberAnimationTest;
		};
		4288997D216AFFCB003F9009 /* PBXContainerItemProxy */ = {
			isa = PBXContainerItemProxy;
			containerPortal = 42889955216AFFC9003F9009 /* Project object */;
			proxyType = 1;
			remoteGlobalIDString = 4288995C216AFFC9003F9009;
			remoteInfo = UberAnimationTest;
		};
/* End PBXContainerItemProxy section */

/* Begin PBXFileReference section */
		4288995D216AFFC9003F9009 /* UberAnimationTest.app */ = {isa = PBXFileReference; explicitFileType = wrapper.application; includeInIndex = 0; path = UberAnimationTest.app; sourceTree = BUILT_PRODUCTS_DIR; };
		42889960216AFFC9003F9009 /* AppDelegate.swift */ = {isa = PBXFileReference; lastKnownFileType = sourcecode.swift; path = AppDelegate.swift; sourceTree = "<group>"; };
		42889962216AFFC9003F9009 /* ViewController.swift */ = {isa = PBXFileReference; lastKnownFileType = sourcecode.swift; path = ViewController.swift; sourceTree = "<group>"; };
		42889965216AFFC9003F9009 /* Base */ = {isa = PBXFileReference; lastKnownFileType = file.storyboard; name = Base; path = Base.lproj/Main.storyboard; sourceTree = "<group>"; };
		42889967216AFFCB003F9009 /* Assets.xcassets */ = {isa = PBXFileReference; lastKnownFileType = folder.assetcatalog; path = Assets.xcassets; sourceTree = "<group>"; };
		4288996A216AFFCB003F9009 /* Base */ = {isa = PBXFileReference; lastKnownFileType = file.storyboard; name = Base; path = Base.lproj/LaunchScreen.storyboard; sourceTree = "<group>"; };
		4288996C216AFFCB003F9009 /* Info.plist */ = {isa = PBXFileReference; lastKnownFileType = text.plist.xml; path = Info.plist; sourceTree = "<group>"; };
		42889971216AFFCB003F9009 /* UberAnimationTestTests.xctest */ = {isa = PBXFileReference; explicitFileType = wrapper.cfbundle; includeInIndex = 0; path = UberAnimationTestTests.xctest; sourceTree = BUILT_PRODUCTS_DIR; };
		42889975216AFFCB003F9009 /* UberAnimationTestTests.swift */ = {isa = PBXFileReference; lastKnownFileType = sourcecode.swift; path = UberAnimationTestTests.swift; sourceTree = "<group>"; };
		42889977216AFFCB003F9009 /* Info.plist */ = {isa = PBXFileReference; lastKnownFileType = text.plist.xml; path = Info.plist; sourceTree = "<group>"; };
		4288997C216AFFCB003F9009 /* UberAnimationTestUITests.xctest */ = {isa = PBXFileReference; explicitFileType = wrapper.cfbundle; includeInIndex = 0; path = UberAnimationTestUITests.xctest; sourceTree = BUILT_PRODUCTS_DIR; };
		42889980216AFFCB003F9009 /* UberAnimationTestUITests.swift */ = {isa = PBXFileReference; lastKnownFileType = sourcecode.swift; path = UberAnimationTestUITests.swift; sourceTree = "<group>"; };
		42889982216AFFCB003F9009 /* Info.plist */ = {isa = PBXFileReference; lastKnownFileType = text.plist.xml; path = Info.plist; sourceTree = "<group>"; };
		42889994216B23F8003F9009 /* AnimatedULogoView.swift */ = {isa = PBXFileReference; fileEncoding = 4; lastKnownFileType = sourcecode.swift; path = AnimatedULogoView.swift; sourceTree = "<group>"; };
		42889995216B23F8003F9009 /* Constants.swift */ = {isa = PBXFileReference; fileEncoding = 4; lastKnownFileType = sourcecode.swift; path = Constants.swift; sourceTree = "<group>"; };
		42889998216B261F003F9009 /* Util.swift */ = {isa = PBXFileReference; lastKnownFileType = sourcecode.swift; path = Util.swift; sourceTree = "<group>"; };
		4288999A216B288E003F9009 /* TileView.swift */ = {isa = PBXFileReference; lastKnownFileType = sourcecode.swift; path = TileView.swift; sourceTree = "<group>"; };
		4288999C216B29A0003F9009 /* SplashViewController.swift */ = {isa = PBXFileReference; lastKnownFileType = sourcecode.swift; path = SplashViewController.swift; sourceTree = "<group>"; };
		4288999E216B35E1003F9009 /* TileGridView.swift */ = {isa = PBXFileReference; lastKnownFileType = sourcecode.swift; path = TileGridView.swift; sourceTree = "<group>"; };
		428899A2216B5363003F9009 /* MenuNavigationViewController.swift */ = {isa = PBXFileReference; lastKnownFileType = sourcecode.swift; path = MenuNavigationViewController.swift; sourceTree = "<group>"; };
/* End PBXFileReference section */

/* Begin PBXFrameworksBuildPhase section */
		4288995A216AFFC9003F9009 /* Frameworks */ = {
			isa = PBXFrameworksBuildPhase;
			buildActionMask = 2147483647;
			files = (
			);
			runOnlyForDeploymentPostprocessing = 0;
		};
		4288996E216AFFCB003F9009 /* Frameworks */ = {
			isa = PBXFrameworksBuildPhase;
			buildActionMask = 2147483647;
			files = (
			);
			runOnlyForDeploymentPostprocessing = 0;
		};
		42889979216AFFCB003F9009 /* Frameworks */ = {
			isa = PBXFrameworksBuildPhase;
			buildActionMask = 2147483647;
			files = (
			);
			runOnlyForDeploymentPostprocessing = 0;
		};
/* End PBXFrameworksBuildPhase section */

/* Begin PBXGroup section */
		42889954216AFFC9003F9009 = {
			isa = PBXGroup;
			children = (
				42889992216B2384003F9009 /* Common */,
				4288995F216AFFC9003F9009 /* UberAnimationTest */,
				42889974216AFFCB003F9009 /* UberAnimationTestTests */,
				4288997F216AFFCB003F9009 /* UberAnimationTestUITests */,
				4288995E216AFFC9003F9009 /* Products */,
			);
			sourceTree = "<group>";
		};
		4288995E216AFFC9003F9009 /* Products */ = {
			isa = PBXGroup;
			children = (
				4288995D216AFFC9003F9009 /* UberAnimationTest.app */,
				42889971216AFFCB003F9009 /* UberAnimationTestTests.xctest */,
				4288997C216AFFCB003F9009 /* UberAnimationTestUITests.xctest */,
			);
			name = Products;
			sourceTree = "<group>";
		};
		4288995F216AFFC9003F9009 /* UberAnimationTest */ = {
			isa = PBXGroup;
			children = (
				42889960216AFFC9003F9009 /* AppDelegate.swift */,
				42889962216AFFC9003F9009 /* ViewController.swift */,
				428899A2216B5363003F9009 /* MenuNavigationViewController.swift */,
				42889993216B23D1003F9009 /* SplashScreenUI */,
				42889964216AFFC9003F9009 /* Main.storyboard */,
				42889967216AFFCB003F9009 /* Assets.xcassets */,
				42889969216AFFCB003F9009 /* LaunchScreen.storyboard */,
				4288996C216AFFCB003F9009 /* Info.plist */,
			);
			path = UberAnimationTest;
			sourceTree = "<group>";
		};
		42889974216AFFCB003F9009 /* UberAnimationTestTests */ = {
			isa = PBXGroup;
			children = (
				42889975216AFFCB003F9009 /* UberAnimationTestTests.swift */,
				42889977216AFFCB003F9009 /* Info.plist */,
			);
			path = UberAnimationTestTests;
			sourceTree = "<group>";
		};
		4288997F216AFFCB003F9009 /* UberAnimationTestUITests */ = {
			isa = PBXGroup;
			children = (
				42889980216AFFCB003F9009 /* UberAnimationTestUITests.swift */,
				42889982216AFFCB003F9009 /* Info.plist */,
			);
			path = UberAnimationTestUITests;
			sourceTree = "<group>";
		};
		42889992216B2384003F9009 /* Common */ = {
			isa = PBXGroup;
			children = (
			);
			path = Common;
			sourceTree = "<group>";
		};
		42889993216B23D1003F9009 /* SplashScreenUI */ = {
			isa = PBXGroup;
			children = (
				4288999C216B29A0003F9009 /* SplashViewController.swift */,
				42889994216B23F8003F9009 /* AnimatedULogoView.swift */,
				4288999E216B35E1003F9009 /* TileGridView.swift */,
				4288999A216B288E003F9009 /* TileView.swift */,
				42889995216B23F8003F9009 /* Constants.swift */,
				42889998216B261F003F9009 /* Util.swift */,
			);
			path = SplashScreenUI;
			sourceTree = "<group>";
		};
/* End PBXGroup section */

/* Begin PBXNativeTarget section */
		4288995C216AFFC9003F9009 /* UberAnimationTest */ = {
			isa = PBXNativeTarget;
			buildConfigurationList = 42889985216AFFCB003F9009 /* Build configuration list for PBXNativeTarget "UberAnimationTest" */;
			buildPhases = (
				42889959216AFFC9003F9009 /* Sources */,
				4288995A216AFFC9003F9009 /* Frameworks */,
				4288995B216AFFC9003F9009 /* Resources */,
			);
			buildRules = (
			);
			dependencies = (
			);
			name = UberAnimationTest;
			productName = UberAnimationTest;
			productReference = 4288995D216AFFC9003F9009 /* UberAnimationTest.app */;
			productType = "com.apple.product-type.application";
		};
		42889970216AFFCB003F9009 /* UberAnimationTestTests */ = {
			isa = PBXNativeTarget;
			buildConfigurationList = 42889988216AFFCB003F9009 /* Build configuration list for PBXNativeTarget "UberAnimationTestTests" */;
			buildPhases = (
				4288996D216AFFCB003F9009 /* Sources */,
				4288996E216AFFCB003F9009 /* Frameworks */,
				4288996F216AFFCB003F9009 /* Resources */,
			);
			buildRules = (
			);
			dependencies = (
				42889973216AFFCB003F9009 /* PBXTargetDependency */,
			);
			name = UberAnimationTestTests;
			productName = UberAnimationTestTests;
			productReference = 42889971216AFFCB003F9009 /* UberAnimationTestTests.xctest */;
			productType = "com.apple.product-type.bundle.unit-test";
		};
		4288997B216AFFCB003F9009 /* UberAnimationTestUITests */ = {
			isa = PBXNativeTarget;
			buildConfigurationList = 4288998B216AFFCB003F9009 /* Build configuration list for PBXNativeTarget "UberAnimationTestUITests" */;
			buildPhases = (
				42889978216AFFCB003F9009 /* Sources */,
				42889979216AFFCB003F9009 /* Frameworks */,
				4288997A216AFFCB003F9009 /* Resources */,
			);
			buildRules = (
			);
			dependencies = (
				4288997E216AFFCB003F9009 /* PBXTargetDependency */,
			);
			name = UberAnimationTestUITests;
			productName = UberAnimationTestUITests;
			productReference = 4288997C216AFFCB003F9009 /* UberAnimationTestUITests.xctest */;
			productType = "com.apple.product-type.bundle.ui-testing";
		};
/* End PBXNativeTarget section */

/* Begin PBXProject section */
		42889955216AFFC9003F9009 /* Project object */ = {
			isa = PBXProject;
			attributes = {
				LastSwiftUpdateCheck = 1000;
				LastUpgradeCheck = 1000;
				ORGANIZATIONNAME = "李家斌";
				TargetAttributes = {
					4288995C216AFFC9003F9009 = {
						CreatedOnToolsVersion = 10.0;
					};
					42889970216AFFCB003F9009 = {
						CreatedOnToolsVersion = 10.0;
						TestTargetID = 4288995C216AFFC9003F9009;
					};
					4288997B216AFFCB003F9009 = {
						CreatedOnToolsVersion = 10.0;
						TestTargetID = 4288995C216AFFC9003F9009;
					};
				};
			};
			buildConfigurationList = 42889958216AFFC9003F9009 /* Build configuration list for PBXProject "UberAnimationTest" */;
			compatibilityVersion = "Xcode 9.3";
			developmentRegion = en;
			hasScannedForEncodings = 0;
			knownRegions = (
				en,
				Base,
			);
			mainGroup = 42889954216AFFC9003F9009;
			productRefGroup = 4288995E216AFFC9003F9009 /* Products */;
			projectDirPath = "";
			projectRoot = "";
			targets = (
				4288995C216AFFC9003F9009 /* UberAnimationTest */,
				42889970216AFFCB003F9009 /* UberAnimationTestTests */,
				4288997B216AFFCB003F9009 /* UberAnimationTestUITests */,
			);
		};
/* End PBXProject section */

/* Begin PBXResourcesBuildPhase section */
		4288995B216AFFC9003F9009 /* Resources */ = {
			isa = PBXResourcesBuildPhase;
			buildActionMask = 2147483647;
			files = (
				4288996B216AFFCB003F9009 /* LaunchScreen.storyboard in Resources */,
				42889968216AFFCB003F9009 /* Assets.xcassets in Resources */,
				42889966216AFFC9003F9009 /* Main.storyboard in Resources */,
			);
			runOnlyForDeploymentPostprocessing = 0;
		};
		4288996F216AFFCB003F9009 /* Resources */ = {
			isa = PBXResourcesBuildPhase;
			buildActionMask = 2147483647;
			files = (
			);
			runOnlyForDeploymentPostprocessing = 0;
		};
		4288997A216AFFCB003F9009 /* Resources */ = {
			isa = PBXResourcesBuildPhase;
			buildActionMask = 2147483647;
			files = (
			);
			runOnlyForDeploymentPostprocessing = 0;
		};
/* End PBXResourcesBuildPhase section */

/* Begin PBXSourcesBuildPhase section */
		42889959216AFFC9003F9009 /* Sources */ = {
			isa = PBXSourcesBuildPhase;
			buildActionMask = 2147483647;
			files = (
				42889963216AFFC9003F9009 /* ViewController.swift in Sources */,
				42889996216B23F8003F9009 /* AnimatedULogoView.swift in Sources */,
				42889999216B261F003F9009 /* Util.swift in Sources */,
				42889961216AFFC9003F9009 /* AppDelegate.swift in Sources */,
				4288999F216B35E1003F9009 /* TileGridView.swift in Sources */,
				4288999B216B288E003F9009 /* TileView.swift in Sources */,
				428899A3216B5363003F9009 /* MenuNavigationViewController.swift in Sources */,
				4288999D216B29A0003F9009 /* SplashViewController.swift in Sources */,
				42889997216B23F8003F9009 /* Constants.swift in Sources */,
			);
			runOnlyForDeploymentPostprocessing = 0;
		};
		4288996D216AFFCB003F9009 /* Sources */ = {
			isa = PBXSourcesBuildPhase;
			buildActionMask = 2147483647;
			files = (
				42889976216AFFCB003F9009 /* UberAnimationTestTests.swift in Sources */,
			);
			runOnlyForDeploymentPostprocessing = 0;
		};
		42889978216AFFCB003F9009 /* Sources */ = {
			isa = PBXSourcesBuildPhase;
			buildActionMask = 2147483647;
			files = (
				42889981216AFFCB003F9009 /* UberAnimationTestUITests.swift in Sources */,
			);
			runOnlyForDeploymentPostprocessing = 0;
		};
/* End PBXSourcesBuildPhase section */

/* Begin PBXTargetDependency section */
		42889973216AFFCB003F9009 /* PBXTargetDependency */ = {
			isa = PBXTargetDependency;
			target = 4288995C216AFFC9003F9009 /* UberAnimationTest */;
			targetProxy = 42889972216AFFCB003F9009 /* PBXContainerItemProxy */;
		};
		4288997E216AFFCB003F9009 /* PBXTargetDependency */ = {
			isa = PBXTargetDependency;
			target = 4288995C216AFFC9003F9009 /* UberAnimationTest */;
			targetProxy = 4288997D216AFFCB003F9009 /* PBXContainerItemProxy */;
		};
/* End PBXTargetDependency section */

/* Begin PBXVariantGroup section */
		42889964216AFFC9003F9009 /* Main.storyboard */ = {
			isa = PBXVariantGroup;
			children = (
				42889965216AFFC9003F9009 /* Base */,
			);
			name = Main.storyboard;
			sourceTree = "<group>";
		};
		42889969216AFFCB003F9009 /* LaunchScreen.storyboard */ = {
			isa = PBXVariantGroup;
			children = (
				4288996A216AFFCB003F9009 /* Base */,
			);
			name = LaunchScreen.storyboard;
			sourceTree = "<group>";
		};
/* End PBXVariantGroup section */

/* Begin XCBuildConfiguration section */
		42889983216AFFCB003F9009 /* Debug */ = {
			isa = XCBuildConfiguration;
			buildSettings = {
				ALWAYS_SEARCH_USER_PATHS = NO;
				CLANG_ANALYZER_NONNULL = YES;
				CLANG_ANALYZER_NUMBER_OBJECT_CONVERSION = YES_AGGRESSIVE;
				CLANG_CXX_LANGUAGE_STANDARD = "gnu++14";
				CLANG_CXX_LIBRARY = "libc++";
				CLANG_ENABLE_MODULES = YES;
				CLANG_ENABLE_OBJC_ARC = YES;
				CLANG_ENABLE_OBJC_WEAK = YES;
				CLANG_WARN_BLOCK_CAPTURE_AUTORELEASING = YES;
				CLANG_WARN_BOOL_CONVERSION = YES;
				CLANG_WARN_COMMA = YES;
				CLANG_WARN_CONSTANT_CONVERSION = YES;
				CLANG_WARN_DEPRECATED_OBJC_IMPLEMENTATIONS = YES;
				CLANG_WARN_DIRECT_OBJC_ISA_USAGE = YES_ERROR;
				CLANG_WARN_DOCUMENTATION_COMMENTS = YES;
				CLANG_WARN_EMPTY_BODY = YES;
				CLANG_WARN_ENUM_CONVERSION = YES;
				CLANG_WARN_INFINITE_RECURSION = YES;
				CLANG_WARN_INT_CONVERSION = YES;
				CLANG_WARN_NON_LITERAL_NULL_CONVERSION = YES;
				CLANG_WARN_OBJC_IMPLICIT_RETAIN_SELF = YES;
				CLANG_WARN_OBJC_LITERAL_CONVERSION = YES;
				CLANG_WARN_OBJC_ROOT_CLASS = YES_ERROR;
				CLANG_WARN_RANGE_LOOP_ANALYSIS = YES;
				CLANG_WARN_STRICT_PROTOTYPES = YES;
				CLANG_WARN_SUSPICIOUS_MOVE = YES;
				CLANG_WARN_UNGUARDED_AVAILABILITY = YES_AGGRESSIVE;
				CLANG_WARN_UNREACHABLE_CODE = YES;
				CLANG_WARN__DUPLICATE_METHOD_MATCH = YES;
				CODE_SIGN_IDENTITY = "iPhone Developer";
				COPY_PHASE_STRIP = NO;
				DEBUG_INFORMATION_FORMAT = dwarf;
				ENABLE_STRICT_OBJC_MSGSEND = YES;
				ENABLE_TESTABILITY = YES;
				GCC_C_LANGUAGE_STANDARD = gnu11;
				GCC_DYNAMIC_NO_PIC = NO;
				GCC_NO_COMMON_BLOCKS = YES;
				GCC_OPTIMIZATION_LEVEL = 0;
				GCC_PREPROCESSOR_DEFINITIONS = (
					"DEBUG=1",
					"$(inherited)",
				);
				GCC_WARN_64_TO_32_BIT_CONVERSION = YES;
				GCC_WARN_ABOUT_RETURN_TYPE = YES_ERROR;
				GCC_WARN_UNDECLARED_SELECTOR = YES;
				GCC_WARN_UNINITIALIZED_AUTOS = YES_AGGRESSIVE;
				GCC_WARN_UNUSED_FUNCTION = YES;
				GCC_WARN_UNUSED_VARIABLE = YES;
				IPHONEOS_DEPLOYMENT_TARGET = 12.0;
				MTL_ENABLE_DEBUG_INFO = INCLUDE_SOURCE;
				MTL_FAST_MATH = YES;
				ONLY_ACTIVE_ARCH = YES;
				SDKROOT = iphoneos;
				SWIFT_ACTIVE_COMPILATION_CONDITIONS = DEBUG;
				SWIFT_OPTIMIZATION_LEVEL = "-Onone";
			};
			name = Debug;
		};
		42889984216AFFCB003F9009 /* Release */ = {
			isa = XCBuildConfiguration;
			buildSettings = {
				ALWAYS_SEARCH_USER_PATHS = NO;
				CLANG_ANALYZER_NONNULL = YES;
				CLANG_ANALYZER_NUMBER_OBJECT_CONVERSION = YES_AGGRESSIVE;
				CLANG_CXX_LANGUAGE_STANDARD = "gnu++14";
				CLANG_CXX_LIBRARY = "libc++";
				CLANG_ENABLE_MODULES = YES;
				CLANG_ENABLE_OBJC_ARC = YES;
				CLANG_ENABLE_OBJC_WEAK = YES;
				CLANG_WARN_BLOCK_CAPTURE_AUTORELEASING = YES;
				CLANG_WARN_BOOL_CONVERSION = YES;
				CLANG_WARN_COMMA = YES;
				CLANG_WARN_CONSTANT_CONVERSION = YES;
				CLANG_WARN_DEPRECATED_OBJC_IMPLEMENTATIONS = YES;
				CLANG_WARN_DIRECT_OBJC_ISA_USAGE = YES_ERROR;
				CLANG_WARN_DOCUMENTATION_COMMENTS = YES;
				CLANG_WARN_EMPTY_BODY = YES;
				CLANG_WARN_ENUM_CONVERSION = YES;
				CLANG_WARN_INFINITE_RECURSION = YES;
				CLANG_WARN_INT_CONVERSION = YES;
				CLANG_WARN_NON_LITERAL_NULL_CONVERSION = YES;
				CLANG_WARN_OBJC_IMPLICIT_RETAIN_SELF = YES;
				CLANG_WARN_OBJC_LITERAL_CONVERSION = YES;
				CLANG_WARN_OBJC_ROOT_CLASS = YES_ERROR;
				CLANG_WARN_RANGE_LOOP_ANALYSIS = YES;
				CLANG_WARN_STRICT_PROTOTYPES = YES;
				CLANG_WARN_SUSPICIOUS_MOVE = YES;
				CLANG_WARN_UNGUARDED_AVAILABILITY = YES_AGGRESSIVE;
				CLANG_WARN_UNREACHABLE_CODE = YES;
				CLANG_WARN__DUPLICATE_METHOD_MATCH = YES;
				CODE_SIGN_IDENTITY = "iPhone Developer";
				COPY_PHASE_STRIP = NO;
				DEBUG_INFORMATION_FORMAT = "dwarf-with-dsym";
				ENABLE_NS_ASSERTIONS = NO;
				ENABLE_STRICT_OBJC_MSGSEND = YES;
				GCC_C_LANGUAGE_STANDARD = gnu11;
				GCC_NO_COMMON_BLOCKS = YES;
				GCC_WARN_64_TO_32_BIT_CONVERSION = YES;
				GCC_WARN_ABOUT_RETURN_TYPE = YES_ERROR;
				GCC_WARN_UNDECLARED_SELECTOR = YES;
				GCC_WARN_UNINITIALIZED_AUTOS = YES_AGGRESSIVE;
				GCC_WARN_UNUSED_FUNCTION = YES;
				GCC_WARN_UNUSED_VARIABLE = YES;
				IPHONEOS_DEPLOYMENT_TARGET = 12.0;
				MTL_ENABLE_DEBUG_INFO = NO;
				MTL_FAST_MATH = YES;
				SDKROOT = iphoneos;
				SWIFT_COMPILATION_MODE = wholemodule;
				SWIFT_OPTIMIZATION_LEVEL = "-O";
				VALIDATE_PRODUCT = YES;
			};
			name = Release;
		};
		42889986216AFFCB003F9009 /* Debug */ = {
			isa = XCBuildConfiguration;
			buildSettings = {
				ASSETCATALOG_COMPILER_APPICON_NAME = AppIcon;
				CODE_SIGN_STYLE = Automatic;
				DEVELOPMENT_TEAM = 43959S3Q89;
				INFOPLIST_FILE = UberAnimationTest/Info.plist;
				LD_RUNPATH_SEARCH_PATHS = (
					"$(inherited)",
					"@executable_path/Frameworks",
				);
				PRODUCT_BUNDLE_IDENTIFIER = com.lijiabin.test.UberAnimationTest;
				PRODUCT_NAME = "$(TARGET_NAME)";
				SWIFT_VERSION = 4.2;
				TARGETED_DEVICE_FAMILY = "1,2";
			};
			name = Debug;
		};
		42889987216AFFCB003F9009 /* Release */ = {
			isa = XCBuildConfiguration;
			buildSettings = {
				ASSETCATALOG_COMPILER_APPICON_NAME = AppIcon;
				CODE_SIGN_STYLE = Automatic;
				DEVELOPMENT_TEAM = 43959S3Q89;
				INFOPLIST_FILE = UberAnimationTest/Info.plist;
				LD_RUNPATH_SEARCH_PATHS = (
					"$(inherited)",
					"@executable_path/Frameworks",
				);
				PRODUCT_BUNDLE_IDENTIFIER = com.lijiabin.test.UberAnimationTest;
				PRODUCT_NAME = "$(TARGET_NAME)";
				SWIFT_VERSION = 4.2;
				TARGETED_DEVICE_FAMILY = "1,2";
			};
			name = Release;
		};
		42889989216AFFCB003F9009 /* Debug */ = {
			isa = XCBuildConfiguration;
			buildSettings = {
				ALWAYS_EMBED_SWIFT_STANDARD_LIBRARIES = YES;
				BUNDLE_LOADER = "$(TEST_HOST)";
				CODE_SIGN_STYLE = Automatic;
				DEVELOPMENT_TEAM = 43959S3Q89;
				INFOPLIST_FILE = UberAnimationTestTests/Info.plist;
				LD_RUNPATH_SEARCH_PATHS = (
					"$(inherited)",
					"@executable_path/Frameworks",
					"@loader_path/Frameworks",
				);
				PRODUCT_BUNDLE_IDENTIFIER = com.lijiabin.test.UberAnimationTestTests;
				PRODUCT_NAME = "$(TARGET_NAME)";
				SWIFT_VERSION = 4.2;
				TARGETED_DEVICE_FAMILY = "1,2";
				TEST_HOST = "$(BUILT_PRODUCTS_DIR)/UberAnimationTest.app/UberAnimationTest";
			};
			name = Debug;
		};
		4288998A216AFFCB003F9009 /* Release */ = {
			isa = XCBuildConfiguration;
			buildSettings = {
				ALWAYS_EMBED_SWIFT_STANDARD_LIBRARIES = YES;
				BUNDLE_LOADER = "$(TEST_HOST)";
				CODE_SIGN_STYLE = Automatic;
				DEVELOPMENT_TEAM = 43959S3Q89;
				INFOPLIST_FILE = UberAnimationTestTests/Info.plist;
				LD_RUNPATH_SEARCH_PATHS = (
					"$(inherited)",
					"@executable_path/Frameworks",
					"@loader_path/Frameworks",
				);
				PRODUCT_BUNDLE_IDENTIFIER = com.lijiabin.test.UberAnimationTestTests;
				PRODUCT_NAME = "$(TARGET_NAME)";
				SWIFT_VERSION = 4.2;
				TARGETED_DEVICE_FAMILY = "1,2";
				TEST_HOST = "$(BUILT_PRODUCTS_DIR)/UberAnimationTest.app/UberAnimationTest";
			};
			name = Release;
		};
		4288998C216AFFCB003F9009 /* Debug */ = {
			isa = XCBuildConfiguration;
			buildSettings = {
				ALWAYS_EMBED_SWIFT_STANDARD_LIBRARIES = YES;
				CODE_SIGN_STYLE = Automatic;
				DEVELOPMENT_TEAM = 43959S3Q89;
				INFOPLIST_FILE = UberAnimationTestUITests/Info.plist;
				LD_RUNPATH_SEARCH_PATHS = (
					"$(inherited)",
					"@executable_path/Frameworks",
					"@loader_path/Frameworks",
				);
				PRODUCT_BUNDLE_IDENTIFIER = com.lijiabin.test.UberAnimationTestUITests;
				PRODUCT_NAME = "$(TARGET_NAME)";
				SWIFT_VERSION = 4.2;
				TARGETED_DEVICE_FAMILY = "1,2";
				TEST_TARGET_NAME = UberAnimationTest;
			};
			name = Debug;
		};
		4288998D216AFFCB003F9009 /* Release */ = {
			isa = XCBuildConfiguration;
			buildSettings = {
				ALWAYS_EMBED_SWIFT_STANDARD_LIBRARIES = YES;
				CODE_SIGN_STYLE = Automatic;
				DEVELOPMENT_TEAM = 43959S3Q89;
				INFOPLIST_FILE = UberAnimationTestUITests/Info.plist;
				LD_RUNPATH_SEARCH_PATHS = (
					"$(inherited)",
					"@executable_path/Frameworks",
					"@loader_path/Frameworks",
				);
				PRODUCT_BUNDLE_IDENTIFIER = com.lijiabin.test.UberAnimationTestUITests;
				PRODUCT_NAME = "$(TARGET_NAME)";
				SWIFT_VERSION = 4.2;
				TARGETED_DEVICE_FAMILY = "1,2";
				TEST_TARGET_NAME = UberAnimationTest;
			};
			name = Release;
		};
/* End XCBuildConfiguration section */

/* Begin XCConfigurationList section */
		42889958216AFFC9003F9009 /* Build configuration list for PBXProject "UberAnimationTest" */ = {
			isa = XCConfigurationList;
			buildConfigurations = (
				42889983216AFFCB003F9009 /* Debug */,
				42889984216AFFCB003F9009 /* Release */,
			);
			defaultConfigurationIsVisible = 0;
			defaultConfigurationName = Release;
		};
		42889985216AFFCB003F9009 /* Build configuration list for PBXNativeTarget "UberAnimationTest" */ = {
			isa = XCConfigurationList;
			buildConfigurations = (
				42889986216AFFCB003F9009 /* Debug */,
				42889987216AFFCB003F9009 /* Release */,
			);
			defaultConfigurationIsVisible = 0;
			defaultConfigurationName = Release;
		};
		42889988216AFFCB003F9009 /* Build configuration list for PBXNativeTarget "UberAnimationTestTests" */ = {
			isa = XCConfigurationList;
			buildConfigurations = (
				42889989216AFFCB003F9009 /* Debug */,
				4288998A216AFFCB003F9009 /* Release */,
			);
			defaultConfigurationIsVisible = 0;
			defaultConfigurationName = Release;
		};
		4288998B216AFFCB003F9009 /* Build configuration list for PBXNativeTarget "UberAnimationTestUITests" */ = {
			isa = XCConfigurationList;
			buildConfigurations = (
				4288998C216AFFCB003F9009 /* Debug */,
				4288998D216AFFCB003F9009 /* Release */,
			);
			defaultConfigurationIsVisible = 0;
			defaultConfigurationName = Release;
		};
/* End XCConfigurationList section */
	};
	rootObject = 42889955216AFFC9003F9009 /* Project object */;
}
